// !$*UTF8*$!
{
	archiveVersion = 1;
	classes = {
	};
	objectVersion = 56;
	objects = {

/* Begin PBXBuildFile section */
		B3020FD12923E5D70080243A /* Sublimation in Frameworks */ = {isa = PBXBuildFile; productRef = B3020FD02923E5D70080243A /* Sublimation */; };
		B3020FD32923E5DF0080243A /* Sublimation in Frameworks */ = {isa = PBXBuildFile; productRef = B3020FD22923E5DF0080243A /* Sublimation */; };
		B3020FD52923E8B70080243A /* SublimationDemoConfiguration in Frameworks */ = {isa = PBXBuildFile; productRef = B3020FD42923E8B70080243A /* SublimationDemoConfiguration */; };
		B3020FD72923E8BD0080243A /* SublimationDemoConfiguration in Frameworks */ = {isa = PBXBuildFile; productRef = B3020FD62923E8BD0080243A /* SublimationDemoConfiguration */; };
		B3641FFA29231A7200A483BA /* SublimationDemoAppApp.swift in Sources */ = {isa = PBXBuildFile; fileRef = B3641FF929231A7200A483BA /* SublimationDemoAppApp.swift */; };
		B3641FFC29231A7200A483BA /* ContentView.swift in Sources */ = {isa = PBXBuildFile; fileRef = B3641FFB29231A7200A483BA /* ContentView.swift */; };
		B3641FFE29231A7400A483BA /* Assets.xcassets in Resources */ = {isa = PBXBuildFile; fileRef = B3641FFD29231A7400A483BA /* Assets.xcassets */; };
		B364200129231A7400A483BA /* Preview Assets.xcassets in Resources */ = {isa = PBXBuildFile; fileRef = B364200029231A7400A483BA /* Preview Assets.xcassets */; };
		B364200729231A7400A483BA /* SublimationDemoApp Watch App.app in Embed Watch Content */ = {isa = PBXBuildFile; fileRef = B364200629231A7400A483BA /* SublimationDemoApp Watch App.app */; settings = {ATTRIBUTES = (RemoveHeadersOnCopy, ); }; };
		B364200C29231A7400A483BA /* SublimationDemoAppApp.swift in Sources */ = {isa = PBXBuildFile; fileRef = B364200B29231A7400A483BA /* SublimationDemoAppApp.swift */; };
		B364200E29231A7400A483BA /* ContentView.swift in Sources */ = {isa = PBXBuildFile; fileRef = B364200D29231A7400A483BA /* ContentView.swift */; };
		B364201029231A7500A483BA /* Assets.xcassets in Resources */ = {isa = PBXBuildFile; fileRef = B364200F29231A7500A483BA /* Assets.xcassets */; };
		B364201329231A7500A483BA /* Preview Assets.xcassets in Resources */ = {isa = PBXBuildFile; fileRef = B364201229231A7500A483BA /* Preview Assets.xcassets */; };
/* End PBXBuildFile section */

/* Begin PBXContainerItemProxy section */
		B364200829231A7400A483BA /* PBXContainerItemProxy */ = {
			isa = PBXContainerItemProxy;
			containerPortal = B3641FEE29231A7200A483BA /* Project object */;
			proxyType = 1;
			remoteGlobalIDString = B364200529231A7400A483BA;
			remoteInfo = "SublimationDemoApp Watch App";
		};
/* End PBXContainerItemProxy section */

/* Begin PBXCopyFilesBuildPhase section */
		B364201929231A7500A483BA /* Embed Watch Content */ = {
			isa = PBXCopyFilesBuildPhase;
			buildActionMask = 2147483647;
			dstPath = "$(CONTENTS_FOLDER_PATH)/Watch";
			dstSubfolderSpec = 16;
			files = (
				B364200729231A7400A483BA /* SublimationDemoApp Watch App.app in Embed Watch Content */,
			);
			name = "Embed Watch Content";
			runOnlyForDeploymentPostprocessing = 0;
		};
/* End PBXCopyFilesBuildPhase section */

/* Begin PBXFileReference section */
		B3020FCE2923E5B20080243A /* Sublimation */ = {isa = PBXFileReference; lastKnownFileType = wrapper; name = Sublimation; path = ..; sourceTree = "<group>"; };
		B3641FF629231A7200A483BA /* SublimationDemoApp.app */ = {isa = PBXFileReference; explicitFileType = wrapper.application; includeInIndex = 0; path = SublimationDemoApp.app; sourceTree = BUILT_PRODUCTS_DIR; };
		B3641FF929231A7200A483BA /* SublimationDemoAppApp.swift */ = {isa = PBXFileReference; lastKnownFileType = sourcecode.swift; path = SublimationDemoAppApp.swift; sourceTree = "<group>"; };
		B3641FFB29231A7200A483BA /* ContentView.swift */ = {isa = PBXFileReference; lastKnownFileType = sourcecode.swift; path = ContentView.swift; sourceTree = "<group>"; };
		B3641FFD29231A7400A483BA /* Assets.xcassets */ = {isa = PBXFileReference; lastKnownFileType = folder.assetcatalog; path = Assets.xcassets; sourceTree = "<group>"; };
		B364200029231A7400A483BA /* Preview Assets.xcassets */ = {isa = PBXFileReference; lastKnownFileType = folder.assetcatalog; path = "Preview Assets.xcassets"; sourceTree = "<group>"; };
		B364200629231A7400A483BA /* SublimationDemoApp Watch App.app */ = {isa = PBXFileReference; explicitFileType = wrapper.application; includeInIndex = 0; path = "SublimationDemoApp Watch App.app"; sourceTree = BUILT_PRODUCTS_DIR; };
		B364200B29231A7400A483BA /* SublimationDemoAppApp.swift */ = {isa = PBXFileReference; lastKnownFileType = sourcecode.swift; path = SublimationDemoAppApp.swift; sourceTree = "<group>"; };
		B364200D29231A7400A483BA /* ContentView.swift */ = {isa = PBXFileReference; lastKnownFileType = sourcecode.swift; path = ContentView.swift; sourceTree = "<group>"; };
		B364200F29231A7500A483BA /* Assets.xcassets */ = {isa = PBXFileReference; lastKnownFileType = folder.assetcatalog; path = Assets.xcassets; sourceTree = "<group>"; };
		B364201229231A7500A483BA /* Preview Assets.xcassets */ = {isa = PBXFileReference; lastKnownFileType = folder.assetcatalog; path = "Preview Assets.xcassets"; sourceTree = "<group>"; };
		B364201D29231B0000A483BA /* SublimationDemoServer */ = {isa = PBXFileReference; lastKnownFileType = wrapper; path = SublimationDemoServer; sourceTree = "<group>"; };
/* End PBXFileReference section */

/* Begin PBXFrameworksBuildPhase section */
		B3641FF329231A7200A483BA /* Frameworks */ = {
			isa = PBXFrameworksBuildPhase;
			buildActionMask = 2147483647;
			files = (
				B3020FD72923E8BD0080243A /* SublimationDemoConfiguration in Frameworks */,
				B3020FD12923E5D70080243A /* Sublimation in Frameworks */,
			);
			runOnlyForDeploymentPostprocessing = 0;
		};
		B364200329231A7400A483BA /* Frameworks */ = {
			isa = PBXFrameworksBuildPhase;
			buildActionMask = 2147483647;
			files = (
				B3020FD52923E8B70080243A /* SublimationDemoConfiguration in Frameworks */,
				B3020FD32923E5DF0080243A /* Sublimation in Frameworks */,
			);
			runOnlyForDeploymentPostprocessing = 0;
		};
/* End PBXFrameworksBuildPhase section */

/* Begin PBXGroup section */
		B3020FCD2923E5B20080243A /* Packages */ = {
			isa = PBXGroup;
			children = (
				B3020FCE2923E5B20080243A /* Sublimation */,
			);
			name = Packages;
			sourceTree = "<group>";
		};
		B3020FCF2923E5D70080243A /* Frameworks */ = {
			isa = PBXGroup;
			children = (
			);
			name = Frameworks;
			sourceTree = "<group>";
		};
		B3641FED29231A7200A483BA = {
			isa = PBXGroup;
			children = (
				B3020FCD2923E5B20080243A /* Packages */,
				B364201D29231B0000A483BA /* SublimationDemoServer */,
				B3641FF829231A7200A483BA /* SublimationDemoApp */,
				B364200A29231A7400A483BA /* SublimationDemoApp Watch App */,
				B3641FF729231A7200A483BA /* Products */,
				B3020FCF2923E5D70080243A /* Frameworks */,
			);
			sourceTree = "<group>";
		};
		B3641FF729231A7200A483BA /* Products */ = {
			isa = PBXGroup;
			children = (
				B3641FF629231A7200A483BA /* SublimationDemoApp.app */,
				B364200629231A7400A483BA /* SublimationDemoApp Watch App.app */,
			);
			name = Products;
			sourceTree = "<group>";
		};
		B3641FF829231A7200A483BA /* SublimationDemoApp */ = {
			isa = PBXGroup;
			children = (
				B3641FF929231A7200A483BA /* SublimationDemoAppApp.swift */,
				B3641FFB29231A7200A483BA /* ContentView.swift */,
				B3641FFD29231A7400A483BA /* Assets.xcassets */,
				B3641FFF29231A7400A483BA /* Preview Content */,
			);
			path = SublimationDemoApp;
			sourceTree = "<group>";
		};
		B3641FFF29231A7400A483BA /* Preview Content */ = {
			isa = PBXGroup;
			children = (
				B364200029231A7400A483BA /* Preview Assets.xcassets */,
			);
			path = "Preview Content";
			sourceTree = "<group>";
		};
		B364200A29231A7400A483BA /* SublimationDemoApp Watch App */ = {
			isa = PBXGroup;
			children = (
				B364200B29231A7400A483BA /* SublimationDemoAppApp.swift */,
				B364200D29231A7400A483BA /* ContentView.swift */,
				B364200F29231A7500A483BA /* Assets.xcassets */,
				B364201129231A7500A483BA /* Preview Content */,
			);
			path = "SublimationDemoApp Watch App";
			sourceTree = "<group>";
		};
		B364201129231A7500A483BA /* Preview Content */ = {
			isa = PBXGroup;
			children = (
				B364201229231A7500A483BA /* Preview Assets.xcassets */,
			);
			path = "Preview Content";
			sourceTree = "<group>";
		};
/* End PBXGroup section */

/* Begin PBXNativeTarget section */
		B3641FF529231A7200A483BA /* SublimationDemoApp */ = {
			isa = PBXNativeTarget;
			buildConfigurationList = B364201A29231A7500A483BA /* Build configuration list for PBXNativeTarget "SublimationDemoApp" */;
			buildPhases = (
				B3641FF229231A7200A483BA /* Sources */,
				B3641FF329231A7200A483BA /* Frameworks */,
				B3641FF429231A7200A483BA /* Resources */,
				B364201929231A7500A483BA /* Embed Watch Content */,
			);
			buildRules = (
			);
			dependencies = (
				B364200929231A7400A483BA /* PBXTargetDependency */,
			);
			name = SublimationDemoApp;
			packageProductDependencies = (
				B3020FD02923E5D70080243A /* Sublimation */,
				B3020FD62923E8BD0080243A /* SublimationDemoConfiguration */,
			);
			productName = SublimationDemoApp;
			productReference = B3641FF629231A7200A483BA /* SublimationDemoApp.app */;
			productType = "com.apple.product-type.application";
		};
		B364200529231A7400A483BA /* SublimationDemoApp Watch App */ = {
			isa = PBXNativeTarget;
			buildConfigurationList = B364201629231A7500A483BA /* Build configuration list for PBXNativeTarget "SublimationDemoApp Watch App" */;
			buildPhases = (
				B364200229231A7400A483BA /* Sources */,
				B364200329231A7400A483BA /* Frameworks */,
				B364200429231A7400A483BA /* Resources */,
			);
			buildRules = (
			);
			dependencies = (
			);
			name = "SublimationDemoApp Watch App";
			packageProductDependencies = (
				B3020FD22923E5DF0080243A /* Sublimation */,
				B3020FD42923E8B70080243A /* SublimationDemoConfiguration */,
			);
			productName = "SublimationDemoApp Watch App";
			productReference = B364200629231A7400A483BA /* SublimationDemoApp Watch App.app */;
			productType = "com.apple.product-type.application";
		};
/* End PBXNativeTarget section */

/* Begin PBXProject section */
		B3641FEE29231A7200A483BA /* Project object */ = {
			isa = PBXProject;
			attributes = {
				BuildIndependentTargetsInParallel = 1;
				LastSwiftUpdateCheck = 1410;
				LastUpgradeCheck = 1410;
				TargetAttributes = {
					B3641FF529231A7200A483BA = {
						CreatedOnToolsVersion = 14.1;
					};
					B364200529231A7400A483BA = {
						CreatedOnToolsVersion = 14.1;
					};
				};
			};
			buildConfigurationList = B3641FF129231A7200A483BA /* Build configuration list for PBXProject "SublimationDemoApp" */;
			compatibilityVersion = "Xcode 14.0";
			developmentRegion = en;
			hasScannedForEncodings = 0;
			knownRegions = (
				en,
				Base,
			);
			mainGroup = B3641FED29231A7200A483BA;
			productRefGroup = B3641FF729231A7200A483BA /* Products */;
			projectDirPath = "";
			projectRoot = "";
			targets = (
				B3641FF529231A7200A483BA /* SublimationDemoApp */,
				B364200529231A7400A483BA /* SublimationDemoApp Watch App */,
			);
		};
/* End PBXProject section */

/* Begin PBXResourcesBuildPhase section */
		B3641FF429231A7200A483BA /* Resources */ = {
			isa = PBXResourcesBuildPhase;
			buildActionMask = 2147483647;
			files = (
				B364200129231A7400A483BA /* Preview Assets.xcassets in Resources */,
				B3641FFE29231A7400A483BA /* Assets.xcassets in Resources */,
			);
			runOnlyForDeploymentPostprocessing = 0;
		};
		B364200429231A7400A483BA /* Resources */ = {
			isa = PBXResourcesBuildPhase;
			buildActionMask = 2147483647;
			files = (
				B364201329231A7500A483BA /* Preview Assets.xcassets in Resources */,
				B364201029231A7500A483BA /* Assets.xcassets in Resources */,
			);
			runOnlyForDeploymentPostprocessing = 0;
		};
/* End PBXResourcesBuildPhase section */

/* Begin PBXSourcesBuildPhase section */
		B3641FF229231A7200A483BA /* Sources */ = {
			isa = PBXSourcesBuildPhase;
			buildActionMask = 2147483647;
			files = (
				B3641FFC29231A7200A483BA /* ContentView.swift in Sources */,
				B3641FFA29231A7200A483BA /* SublimationDemoAppApp.swift in Sources */,
			);
			runOnlyForDeploymentPostprocessing = 0;
		};
		B364200229231A7400A483BA /* Sources */ = {
			isa = PBXSourcesBuildPhase;
			buildActionMask = 2147483647;
			files = (
				B364200E29231A7400A483BA /* ContentView.swift in Sources */,
				B364200C29231A7400A483BA /* SublimationDemoAppApp.swift in Sources */,
			);
			runOnlyForDeploymentPostprocessing = 0;
		};
/* End PBXSourcesBuildPhase section */

/* Begin PBXTargetDependency section */
		B364200929231A7400A483BA /* PBXTargetDependency */ = {
			isa = PBXTargetDependency;
			target = B364200529231A7400A483BA /* SublimationDemoApp Watch App */;
			targetProxy = B364200829231A7400A483BA /* PBXContainerItemProxy */;
		};
/* End PBXTargetDependency section */

/* Begin XCBuildConfiguration section */
		B364201429231A7500A483BA /* Debug */ = {
			isa = XCBuildConfiguration;
			buildSettings = {
				ALWAYS_SEARCH_USER_PATHS = NO;
				CLANG_ANALYZER_NONNULL = YES;
				CLANG_ANALYZER_NUMBER_OBJECT_CONVERSION = YES_AGGRESSIVE;
				CLANG_CXX_LANGUAGE_STANDARD = "gnu++20";
				CLANG_ENABLE_MODULES = YES;
				CLANG_ENABLE_OBJC_ARC = YES;
				CLANG_ENABLE_OBJC_WEAK = YES;
				CLANG_WARN_BLOCK_CAPTURE_AUTORELEASING = YES;
				CLANG_WARN_BOOL_CONVERSION = YES;
				CLANG_WARN_COMMA = YES;
				CLANG_WARN_CONSTANT_CONVERSION = YES;
				CLANG_WARN_DEPRECATED_OBJC_IMPLEMENTATIONS = YES;
				CLANG_WARN_DIRECT_OBJC_ISA_USAGE = YES_ERROR;
				CLANG_WARN_DOCUMENTATION_COMMENTS = YES;
				CLANG_WARN_EMPTY_BODY = YES;
				CLANG_WARN_ENUM_CONVERSION = YES;
				CLANG_WARN_INFINITE_RECURSION = YES;
				CLANG_WARN_INT_CONVERSION = YES;
				CLANG_WARN_NON_LITERAL_NULL_CONVERSION = YES;
				CLANG_WARN_OBJC_IMPLICIT_RETAIN_SELF = YES;
				CLANG_WARN_OBJC_LITERAL_CONVERSION = YES;
				CLANG_WARN_OBJC_ROOT_CLASS = YES_ERROR;
				CLANG_WARN_QUOTED_INCLUDE_IN_FRAMEWORK_HEADER = YES;
				CLANG_WARN_RANGE_LOOP_ANALYSIS = YES;
				CLANG_WARN_STRICT_PROTOTYPES = YES;
				CLANG_WARN_SUSPICIOUS_MOVE = YES;
				CLANG_WARN_UNGUARDED_AVAILABILITY = YES_AGGRESSIVE;
				CLANG_WARN_UNREACHABLE_CODE = YES;
				CLANG_WARN__DUPLICATE_METHOD_MATCH = YES;
				COPY_PHASE_STRIP = NO;
				DEBUG_INFORMATION_FORMAT = dwarf;
				ENABLE_STRICT_OBJC_MSGSEND = YES;
				ENABLE_TESTABILITY = YES;
				GCC_C_LANGUAGE_STANDARD = gnu11;
				GCC_DYNAMIC_NO_PIC = NO;
				GCC_NO_COMMON_BLOCKS = YES;
				GCC_OPTIMIZATION_LEVEL = 0;
				GCC_PREPROCESSOR_DEFINITIONS = (
					"DEBUG=1",
					"$(inherited)",
				);
				GCC_WARN_64_TO_32_BIT_CONVERSION = YES;
				GCC_WARN_ABOUT_RETURN_TYPE = YES_ERROR;
				GCC_WARN_UNDECLARED_SELECTOR = YES;
				GCC_WARN_UNINITIALIZED_AUTOS = YES_AGGRESSIVE;
				GCC_WARN_UNUSED_FUNCTION = YES;
				GCC_WARN_UNUSED_VARIABLE = YES;
				MTL_ENABLE_DEBUG_INFO = INCLUDE_SOURCE;
				MTL_FAST_MATH = YES;
				ONLY_ACTIVE_ARCH = YES;
				SWIFT_ACTIVE_COMPILATION_CONDITIONS = DEBUG;
				SWIFT_OPTIMIZATION_LEVEL = "-Onone";
			};
			name = Debug;
		};
		B364201529231A7500A483BA /* Release */ = {
			isa = XCBuildConfiguration;
			buildSettings = {
				ALWAYS_SEARCH_USER_PATHS = NO;
				CLANG_ANALYZER_NONNULL = YES;
				CLANG_ANALYZER_NUMBER_OBJECT_CONVERSION = YES_AGGRESSIVE;
				CLANG_CXX_LANGUAGE_STANDARD = "gnu++20";
				CLANG_ENABLE_MODULES = YES;
				CLANG_ENABLE_OBJC_ARC = YES;
				CLANG_ENABLE_OBJC_WEAK = YES;
				CLANG_WARN_BLOCK_CAPTURE_AUTORELEASING = YES;
				CLANG_WARN_BOOL_CONVERSION = YES;
				CLANG_WARN_COMMA = YES;
				CLANG_WARN_CONSTANT_CONVERSION = YES;
				CLANG_WARN_DEPRECATED_OBJC_IMPLEMENTATIONS = YES;
				CLANG_WARN_DIRECT_OBJC_ISA_USAGE = YES_ERROR;
				CLANG_WARN_DOCUMENTATION_COMMENTS = YES;
				CLANG_WARN_EMPTY_BODY = YES;
				CLANG_WARN_ENUM_CONVERSION = YES;
				CLANG_WARN_INFINITE_RECURSION = YES;
				CLANG_WARN_INT_CONVERSION = YES;
				CLANG_WARN_NON_LITERAL_NULL_CONVERSION = YES;
				CLANG_WARN_OBJC_IMPLICIT_RETAIN_SELF = YES;
				CLANG_WARN_OBJC_LITERAL_CONVERSION = YES;
				CLANG_WARN_OBJC_ROOT_CLASS = YES_ERROR;
				CLANG_WARN_QUOTED_INCLUDE_IN_FRAMEWORK_HEADER = YES;
				CLANG_WARN_RANGE_LOOP_ANALYSIS = YES;
				CLANG_WARN_STRICT_PROTOTYPES = YES;
				CLANG_WARN_SUSPICIOUS_MOVE = YES;
				CLANG_WARN_UNGUARDED_AVAILABILITY = YES_AGGRESSIVE;
				CLANG_WARN_UNREACHABLE_CODE = YES;
				CLANG_WARN__DUPLICATE_METHOD_MATCH = YES;
				COPY_PHASE_STRIP = NO;
				DEBUG_INFORMATION_FORMAT = "dwarf-with-dsym";
				ENABLE_NS_ASSERTIONS = NO;
				ENABLE_STRICT_OBJC_MSGSEND = YES;
				GCC_C_LANGUAGE_STANDARD = gnu11;
				GCC_NO_COMMON_BLOCKS = YES;
				GCC_WARN_64_TO_32_BIT_CONVERSION = YES;
				GCC_WARN_ABOUT_RETURN_TYPE = YES_ERROR;
				GCC_WARN_UNDECLARED_SELECTOR = YES;
				GCC_WARN_UNINITIALIZED_AUTOS = YES_AGGRESSIVE;
				GCC_WARN_UNUSED_FUNCTION = YES;
				GCC_WARN_UNUSED_VARIABLE = YES;
				MTL_ENABLE_DEBUG_INFO = NO;
				MTL_FAST_MATH = YES;
				SWIFT_COMPILATION_MODE = wholemodule;
				SWIFT_OPTIMIZATION_LEVEL = "-O";
			};
			name = Release;
		};
		B364201729231A7500A483BA /* Debug */ = {
			isa = XCBuildConfiguration;
			buildSettings = {
				ASSETCATALOG_COMPILER_APPICON_NAME = AppIcon;
				ASSETCATALOG_COMPILER_GLOBAL_ACCENT_COLOR_NAME = AccentColor;
				CODE_SIGN_STYLE = Automatic;
				CURRENT_PROJECT_VERSION = 1;
				DEVELOPMENT_ASSET_PATHS = "\"SublimationDemoApp Watch App/Preview Content\"";
				DEVELOPMENT_TEAM = MLT7M394S7;
				ENABLE_PREVIEWS = YES;
				GENERATE_INFOPLIST_FILE = YES;
				INFOPLIST_KEY_CFBundleDisplayName = SublimationDemoApp;
				INFOPLIST_KEY_UISupportedInterfaceOrientations = "UIInterfaceOrientationPortrait UIInterfaceOrientationPortraitUpsideDown";
				INFOPLIST_KEY_WKCompanionAppBundleIdentifier = com.BrightDigit.SublimationDemoApp;
				LD_RUNPATH_SEARCH_PATHS = (
					"$(inherited)",
					"@executable_path/Frameworks",
				);
				MARKETING_VERSION = 1.0;
				PRODUCT_BUNDLE_IDENTIFIER = com.BrightDigit.SublimationDemoApp.watchkitapp;
				PRODUCT_NAME = "$(TARGET_NAME)";
				SDKROOT = watchos;
				SKIP_INSTALL = YES;
				SWIFT_EMIT_LOC_STRINGS = YES;
				SWIFT_VERSION = 5.0;
				TARGETED_DEVICE_FAMILY = 4;
				WATCHOS_DEPLOYMENT_TARGET = 7.0;
			};
			name = Debug;
		};
		B364201829231A7500A483BA /* Release */ = {
			isa = XCBuildConfiguration;
			buildSettings = {
				ASSETCATALOG_COMPILER_APPICON_NAME = AppIcon;
				ASSETCATALOG_COMPILER_GLOBAL_ACCENT_COLOR_NAME = AccentColor;
				CODE_SIGN_STYLE = Automatic;
				CURRENT_PROJECT_VERSION = 1;
				DEVELOPMENT_ASSET_PATHS = "\"SublimationDemoApp Watch App/Preview Content\"";
				DEVELOPMENT_TEAM = MLT7M394S7;
				ENABLE_PREVIEWS = YES;
				GENERATE_INFOPLIST_FILE = YES;
				INFOPLIST_KEY_CFBundleDisplayName = SublimationDemoApp;
				INFOPLIST_KEY_UISupportedInterfaceOrientations = "UIInterfaceOrientationPortrait UIInterfaceOrientationPortraitUpsideDown";
				INFOPLIST_KEY_WKCompanionAppBundleIdentifier = com.BrightDigit.SublimationDemoApp;
				LD_RUNPATH_SEARCH_PATHS = (
					"$(inherited)",
					"@executable_path/Frameworks",
				);
				MARKETING_VERSION = 1.0;
				PRODUCT_BUNDLE_IDENTIFIER = com.BrightDigit.SublimationDemoApp.watchkitapp;
				PRODUCT_NAME = "$(TARGET_NAME)";
				SDKROOT = watchos;
				SKIP_INSTALL = YES;
				SWIFT_EMIT_LOC_STRINGS = YES;
				SWIFT_VERSION = 5.0;
				TARGETED_DEVICE_FAMILY = 4;
				VALIDATE_PRODUCT = YES;
				WATCHOS_DEPLOYMENT_TARGET = 7.0;
			};
			name = Release;
		};
		B364201B29231A7500A483BA /* Debug */ = {
			isa = XCBuildConfiguration;
			buildSettings = {
				ALWAYS_EMBED_SWIFT_STANDARD_LIBRARIES = YES;
				ASSETCATALOG_COMPILER_APPICON_NAME = AppIcon;
				ASSETCATALOG_COMPILER_GLOBAL_ACCENT_COLOR_NAME = AccentColor;
				CODE_SIGN_STYLE = Automatic;
				CURRENT_PROJECT_VERSION = 1;
				DEVELOPMENT_ASSET_PATHS = "\"SublimationDemoApp/Preview Content\"";
				DEVELOPMENT_TEAM = MLT7M394S7;
				ENABLE_PREVIEWS = YES;
				GENERATE_INFOPLIST_FILE = YES;
				INFOPLIST_KEY_CFBundleDisplayName = SublimationDemoApp;
				INFOPLIST_KEY_UIApplicationSceneManifest_Generation = YES;
				INFOPLIST_KEY_UIApplicationSupportsIndirectInputEvents = YES;
				INFOPLIST_KEY_UILaunchScreen_Generation = YES;
				INFOPLIST_KEY_UISupportedInterfaceOrientations_iPad = "UIInterfaceOrientationPortrait UIInterfaceOrientationPortraitUpsideDown UIInterfaceOrientationLandscapeLeft UIInterfaceOrientationLandscapeRight";
				INFOPLIST_KEY_UISupportedInterfaceOrientations_iPhone = "UIInterfaceOrientationPortrait UIInterfaceOrientationLandscapeLeft UIInterfaceOrientationLandscapeRight";
				IPHONEOS_DEPLOYMENT_TARGET = 14.0;
				LD_RUNPATH_SEARCH_PATHS = (
					"$(inherited)",
					"@executable_path/Frameworks",
				);
				MARKETING_VERSION = 1.0;
				PRODUCT_BUNDLE_IDENTIFIER = com.BrightDigit.SublimationDemoApp;
				PRODUCT_NAME = "$(TARGET_NAME)";
				SDKROOT = iphoneos;
				SWIFT_EMIT_LOC_STRINGS = YES;
				SWIFT_VERSION = 5.0;
				TARGETED_DEVICE_FAMILY = "1,2";
			};
			name = Debug;
		};
		B364201C29231A7500A483BA /* Release */ = {
			isa = XCBuildConfiguration;
			buildSettings = {
				ALWAYS_EMBED_SWIFT_STANDARD_LIBRARIES = YES;
				ASSETCATALOG_COMPILER_APPICON_NAME = AppIcon;
				ASSETCATALOG_COMPILER_GLOBAL_ACCENT_COLOR_NAME = AccentColor;
				CODE_SIGN_STYLE = Automatic;
				CURRENT_PROJECT_VERSION = 1;
				DEVELOPMENT_ASSET_PATHS = "\"SublimationDemoApp/Preview Content\"";
				DEVELOPMENT_TEAM = MLT7M394S7;
				ENABLE_PREVIEWS = YES;
				GENERATE_INFOPLIST_FILE = YES;
				INFOPLIST_KEY_CFBundleDisplayName = SublimationDemoApp;
				INFOPLIST_KEY_UIApplicationSceneManifest_Generation = YES;
				INFOPLIST_KEY_UIApplicationSupportsIndirectInputEvents = YES;
				INFOPLIST_KEY_UILaunchScreen_Generation = YES;
				INFOPLIST_KEY_UISupportedInterfaceOrientations_iPad = "UIInterfaceOrientationPortrait UIInterfaceOrientationPortraitUpsideDown UIInterfaceOrientationLandscapeLeft UIInterfaceOrientationLandscapeRight";
				INFOPLIST_KEY_UISupportedInterfaceOrientations_iPhone = "UIInterfaceOrientationPortrait UIInterfaceOrientationLandscapeLeft UIInterfaceOrientationLandscapeRight";
				IPHONEOS_DEPLOYMENT_TARGET = 14.0;
				LD_RUNPATH_SEARCH_PATHS = (
					"$(inherited)",
					"@executable_path/Frameworks",
				);
				MARKETING_VERSION = 1.0;
				PRODUCT_BUNDLE_IDENTIFIER = com.BrightDigit.SublimationDemoApp;
				PRODUCT_NAME = "$(TARGET_NAME)";
				SDKROOT = iphoneos;
				SWIFT_EMIT_LOC_STRINGS = YES;
				SWIFT_VERSION = 5.0;
				TARGETED_DEVICE_FAMILY = "1,2";
				VALIDATE_PRODUCT = YES;
			};
			name = Release;
		};
/* End XCBuildConfiguration section */

/* Begin XCConfigurationList section */
		B3641FF129231A7200A483BA /* Build configuration list for PBXProject "SublimationDemoApp" */ = {
			isa = XCConfigurationList;
			buildConfigurations = (
				B364201429231A7500A483BA /* Debug */,
				B364201529231A7500A483BA /* Release */,
			);
			defaultConfigurationIsVisible = 0;
			defaultConfigurationName = Release;
		};
		B364201629231A7500A483BA /* Build configuration list for PBXNativeTarget "SublimationDemoApp Watch App" */ = {
			isa = XCConfigurationList;
			buildConfigurations = (
				B364201729231A7500A483BA /* Debug */,
				B364201829231A7500A483BA /* Release */,
			);
			defaultConfigurationIsVisible = 0;
			defaultConfigurationName = Release;
		};
		B364201A29231A7500A483BA /* Build configuration list for PBXNativeTarget "SublimationDemoApp" */ = {
			isa = XCConfigurationList;
			buildConfigurations = (
				B364201B29231A7500A483BA /* Debug */,
				B364201C29231A7500A483BA /* Release */,
			);
			defaultConfigurationIsVisible = 0;
			defaultConfigurationName = Release;
		};
/* End XCConfigurationList section */

/* Begin XCSwiftPackageProductDependency section */
		B3020FD02923E5D70080243A /* Sublimation */ = {
			isa = XCSwiftPackageProductDependency;
			productName = Sublimation;
		};
		B3020FD22923E5DF0080243A /* Sublimation */ = {
			isa = XCSwiftPackageProductDependency;
			productName = Sublimation;
		};
		B3020FD42923E8B70080243A /* SublimationDemoConfiguration */ = {
			isa = XCSwiftPackageProductDependency;
			productName = SublimationDemoConfiguration;
		};
		B3020FD62923E8BD0080243A /* SublimationDemoConfiguration */ = {
			isa = XCSwiftPackageProductDependency;
			productName = SublimationDemoConfiguration;
		};
/* End XCSwiftPackageProductDependency section */
	};
	rootObject = B3641FEE29231A7200A483BA /* Project object */;
}
