// !$*UTF8*$!
{
	archiveVersion = 1;
	classes = {
	};
	objectVersion = 56;
	objects = {

/* Begin PBXBuildFile section */
		B30BAB842910170E00665344 /* SimucomApp.swift in Sources */ = {isa = PBXBuildFile; fileRef = B30BAB832910170E00665344 /* SimucomApp.swift */; };
		B30BAB862910170E00665344 /* ContentView.swift in Sources */ = {isa = PBXBuildFile; fileRef = B30BAB852910170E00665344 /* ContentView.swift */; };
		B30BAB882910170F00665344 /* Assets.xcassets in Resources */ = {isa = PBXBuildFile; fileRef = B30BAB872910170F00665344 /* Assets.xcassets */; };
		B30BAB8B2910170F00665344 /* Preview Assets.xcassets in Resources */ = {isa = PBXBuildFile; fileRef = B30BAB8A2910170F00665344 /* Preview Assets.xcassets */; };
		B30BAB912910170F00665344 /* Simucom Watch App.app in Embed Watch Content */ = {isa = PBXBuildFile; fileRef = B30BAB902910170F00665344 /* Simucom Watch App.app */; settings = {ATTRIBUTES = (RemoveHeadersOnCopy, ); }; };
		B30BAB962910170F00665344 /* SimucomApp.swift in Sources */ = {isa = PBXBuildFile; fileRef = B30BAB952910170F00665344 /* SimucomApp.swift */; };
		B30BAB982910170F00665344 /* ContentView.swift in Sources */ = {isa = PBXBuildFile; fileRef = B30BAB972910170F00665344 /* ContentView.swift */; };
		B30BAB9A2910171000665344 /* Assets.xcassets in Resources */ = {isa = PBXBuildFile; fileRef = B30BAB992910171000665344 /* Assets.xcassets */; };
		B30BAB9D2910171000665344 /* Preview Assets.xcassets in Resources */ = {isa = PBXBuildFile; fileRef = B30BAB9C2910171000665344 /* Preview Assets.xcassets */; };
		B3E161A7292257D700518FB3 /* Sublimation in Frameworks */ = {isa = PBXBuildFile; productRef = B3E161A6292257D700518FB3 /* Sublimation */; };
/* End PBXBuildFile section */

/* Begin PBXContainerItemProxy section */
		B30BAB922910170F00665344 /* PBXContainerItemProxy */ = {
			isa = PBXContainerItemProxy;
			containerPortal = B30BAB782910170E00665344 /* Project object */;
			proxyType = 1;
			remoteGlobalIDString = B30BAB8F2910170F00665344;
			remoteInfo = "Simucom Watch App";
		};
/* End PBXContainerItemProxy section */

/* Begin PBXCopyFilesBuildPhase section */
		B30BABA32910171000665344 /* Embed Watch Content */ = {
			isa = PBXCopyFilesBuildPhase;
			buildActionMask = 2147483647;
			dstPath = "$(CONTENTS_FOLDER_PATH)/Watch";
			dstSubfolderSpec = 16;
			files = (
				B30BAB912910170F00665344 /* Simucom Watch App.app in Embed Watch Content */,
			);
			name = "Embed Watch Content";
			runOnlyForDeploymentPostprocessing = 0;
		};
/* End PBXCopyFilesBuildPhase section */

/* Begin PBXFileReference section */
		B30BAB802910170E00665344 /* Simucom.app */ = {isa = PBXFileReference; explicitFileType = wrapper.application; includeInIndex = 0; path = Simucom.app; sourceTree = BUILT_PRODUCTS_DIR; };
		B30BAB832910170E00665344 /* SimucomApp.swift */ = {isa = PBXFileReference; lastKnownFileType = sourcecode.swift; path = SimucomApp.swift; sourceTree = "<group>"; };
		B30BAB852910170E00665344 /* ContentView.swift */ = {isa = PBXFileReference; lastKnownFileType = sourcecode.swift; path = ContentView.swift; sourceTree = "<group>"; };
		B30BAB872910170F00665344 /* Assets.xcassets */ = {isa = PBXFileReference; lastKnownFileType = folder.assetcatalog; path = Assets.xcassets; sourceTree = "<group>"; };
		B30BAB8A2910170F00665344 /* Preview Assets.xcassets */ = {isa = PBXFileReference; lastKnownFileType = folder.assetcatalog; path = "Preview Assets.xcassets"; sourceTree = "<group>"; };
		B30BAB902910170F00665344 /* Simucom Watch App.app */ = {isa = PBXFileReference; explicitFileType = wrapper.application; includeInIndex = 0; path = "Simucom Watch App.app"; sourceTree = BUILT_PRODUCTS_DIR; };
		B30BAB952910170F00665344 /* SimucomApp.swift */ = {isa = PBXFileReference; lastKnownFileType = sourcecode.swift; path = SimucomApp.swift; sourceTree = "<group>"; };
		B30BAB972910170F00665344 /* ContentView.swift */ = {isa = PBXFileReference; lastKnownFileType = sourcecode.swift; path = ContentView.swift; sourceTree = "<group>"; };
		B30BAB992910171000665344 /* Assets.xcassets */ = {isa = PBXFileReference; lastKnownFileType = folder.assetcatalog; path = Assets.xcassets; sourceTree = "<group>"; };
		B30BAB9C2910171000665344 /* Preview Assets.xcassets */ = {isa = PBXFileReference; lastKnownFileType = folder.assetcatalog; path = "Preview Assets.xcassets"; sourceTree = "<group>"; };
		B3E161AA2922E6EF00518FB3 /* Sublimation */ = {isa = PBXFileReference; lastKnownFileType = wrapper; name = Sublimation; sourceTree = "<group>"; };
		B3E161AD2922E79600518FB3 /* Package.swift */ = {isa = PBXFileReference; lastKnownFileType = sourcecode.swift; path = Package.swift; sourceTree = "<group>"; };
/* End PBXFileReference section */

/* Begin PBXFrameworksBuildPhase section */
		B30BAB7D2910170E00665344 /* Frameworks */ = {
			isa = PBXFrameworksBuildPhase;
			buildActionMask = 2147483647;
			files = (
			);
			runOnlyForDeploymentPostprocessing = 0;
		};
		B30BAB8D2910170F00665344 /* Frameworks */ = {
			isa = PBXFrameworksBuildPhase;
			buildActionMask = 2147483647;
			files = (
				B3E161A7292257D700518FB3 /* Sublimation in Frameworks */,
			);
			runOnlyForDeploymentPostprocessing = 0;
		};
/* End PBXFrameworksBuildPhase section */

/* Begin PBXGroup section */
		B30BAB772910170E00665344 = {
			isa = PBXGroup;
			children = (
				B30BAB822910170E00665344 /* Simucom */,
				B30BAB942910170F00665344 /* Simucom Watch App */,
				B30BAB812910170E00665344 /* Products */,
				B3E161A5292257D700518FB3 /* Frameworks */,
			);
			sourceTree = "<group>";
		};
		B30BAB812910170E00665344 /* Products */ = {
			isa = PBXGroup;
			children = (
				B30BAB802910170E00665344 /* Simucom.app */,
				B30BAB902910170F00665344 /* Simucom Watch App.app */,
			);
			name = Products;
			sourceTree = "<group>";
		};
		B30BAB822910170E00665344 /* Simucom */ = {
			isa = PBXGroup;
			children = (
				B30BAB832910170E00665344 /* SimucomApp.swift */,
				B30BAB852910170E00665344 /* ContentView.swift */,
				B30BAB872910170F00665344 /* Assets.xcassets */,
				B30BAB892910170F00665344 /* Preview Content */,
			);
			path = Simucom;
			sourceTree = "<group>";
		};
		B30BAB892910170F00665344 /* Preview Content */ = {
			isa = PBXGroup;
			children = (
				B30BAB8A2910170F00665344 /* Preview Assets.xcassets */,
			);
			path = "Preview Content";
			sourceTree = "<group>";
		};
		B30BAB942910170F00665344 /* Simucom Watch App */ = {
			isa = PBXGroup;
			children = (
				B30BAB952910170F00665344 /* SimucomApp.swift */,
				B30BAB972910170F00665344 /* ContentView.swift */,
				B30BAB992910171000665344 /* Assets.xcassets */,
				B30BAB9B2910171000665344 /* Preview Content */,
			);
			path = "Simucom Watch App";
			sourceTree = "<group>";
		};
		B30BAB9B2910171000665344 /* Preview Content */ = {
			isa = PBXGroup;
			children = (
				B30BAB9C2910171000665344 /* Preview Assets.xcassets */,
			);
			path = "Preview Content";
			sourceTree = "<group>";
		};
		B3E161A5292257D700518FB3 /* Frameworks */ = {
			isa = PBXGroup;
			children = (
				B3E161AD2922E79600518FB3 /* Package.swift */,
				B3E161AA2922E6EF00518FB3 /* Sublimation */,
			);
			name = Frameworks;
			sourceTree = "<group>";
		};
/* End PBXGroup section */

/* Begin PBXNativeTarget section */
		B30BAB7F2910170E00665344 /* Simucom */ = {
			isa = PBXNativeTarget;
			buildConfigurationList = B30BABA42910171000665344 /* Build configuration list for PBXNativeTarget "Simucom" */;
			buildPhases = (
				B30BAB7C2910170E00665344 /* Sources */,
				B30BAB7D2910170E00665344 /* Frameworks */,
				B30BAB7E2910170E00665344 /* Resources */,
				B30BABA32910171000665344 /* Embed Watch Content */,
			);
			buildRules = (
			);
			dependencies = (
				B30BAB932910170F00665344 /* PBXTargetDependency */,
			);
			name = Simucom;
			packageProductDependencies = (
			);
			productName = Simucom;
			productReference = B30BAB802910170E00665344 /* Simucom.app */;
			productType = "com.apple.product-type.application";
		};
		B30BAB8F2910170F00665344 /* Simucom Watch App */ = {
			isa = PBXNativeTarget;
			buildConfigurationList = B30BABA02910171000665344 /* Build configuration list for PBXNativeTarget "Simucom Watch App" */;
			buildPhases = (
				B30BAB8C2910170F00665344 /* Sources */,
				B30BAB8D2910170F00665344 /* Frameworks */,
				B30BAB8E2910170F00665344 /* Resources */,
			);
			buildRules = (
			);
			dependencies = (
			);
			name = "Simucom Watch App";
			packageProductDependencies = (
				B3E161A6292257D700518FB3 /* Sublimation */,
			);
			productName = "Simucom Watch App";
			productReference = B30BAB902910170F00665344 /* Simucom Watch App.app */;
			productType = "com.apple.product-type.application";
		};
/* End PBXNativeTarget section */

/* Begin PBXProject section */
		B30BAB782910170E00665344 /* Project object */ = {
			isa = PBXProject;
			attributes = {
				BuildIndependentTargetsInParallel = 1;
				LastSwiftUpdateCheck = 1410;
				LastUpgradeCheck = 1410;
				TargetAttributes = {
					B30BAB7F2910170E00665344 = {
						CreatedOnToolsVersion = 14.1;
					};
					B30BAB8F2910170F00665344 = {
						CreatedOnToolsVersion = 14.1;
					};
				};
			};
			buildConfigurationList = B30BAB7B2910170E00665344 /* Build configuration list for PBXProject "Simucom" */;
			compatibilityVersion = "Xcode 14.0";
			developmentRegion = en;
			hasScannedForEncodings = 0;
			knownRegions = (
				en,
				Base,
			);
			mainGroup = B30BAB772910170E00665344;
			productRefGroup = B30BAB812910170E00665344 /* Products */;
			projectDirPath = "";
			projectRoot = "";
			targets = (
				B30BAB7F2910170E00665344 /* Simucom */,
				B30BAB8F2910170F00665344 /* Simucom Watch App */,
			);
		};
/* End PBXProject section */

/* Begin PBXResourcesBuildPhase section */
		B30BAB7E2910170E00665344 /* Resources */ = {
			isa = PBXResourcesBuildPhase;
			buildActionMask = 2147483647;
			files = (
				B30BAB8B2910170F00665344 /* Preview Assets.xcassets in Resources */,
				B30BAB882910170F00665344 /* Assets.xcassets in Resources */,
			);
			runOnlyForDeploymentPostprocessing = 0;
		};
		B30BAB8E2910170F00665344 /* Resources */ = {
			isa = PBXResourcesBuildPhase;
			buildActionMask = 2147483647;
			files = (
				B30BAB9D2910171000665344 /* Preview Assets.xcassets in Resources */,
				B30BAB9A2910171000665344 /* Assets.xcassets in Resources */,
			);
			runOnlyForDeploymentPostprocessing = 0;
		};
/* End PBXResourcesBuildPhase section */

/* Begin PBXSourcesBuildPhase section */
		B30BAB7C2910170E00665344 /* Sources */ = {
			isa = PBXSourcesBuildPhase;
			buildActionMask = 2147483647;
			files = (
				B30BAB862910170E00665344 /* ContentView.swift in Sources */,
				B30BAB842910170E00665344 /* SimucomApp.swift in Sources */,
			);
			runOnlyForDeploymentPostprocessing = 0;
		};
		B30BAB8C2910170F00665344 /* Sources */ = {
			isa = PBXSourcesBuildPhase;
			buildActionMask = 2147483647;
			files = (
				B30BAB982910170F00665344 /* ContentView.swift in Sources */,
				B30BAB962910170F00665344 /* SimucomApp.swift in Sources */,
			);
			runOnlyForDeploymentPostprocessing = 0;
		};
/* End PBXSourcesBuildPhase section */

/* Begin PBXTargetDependency section */
		B30BAB932910170F00665344 /* PBXTargetDependency */ = {
			isa = PBXTargetDependency;
			target = B30BAB8F2910170F00665344 /* Simucom Watch App */;
			targetProxy = B30BAB922910170F00665344 /* PBXContainerItemProxy */;
		};
/* End PBXTargetDependency section */

/* Begin XCBuildConfiguration section */
		B30BAB9E2910171000665344 /* Debug */ = {
			isa = XCBuildConfiguration;
			buildSettings = {
				ALWAYS_SEARCH_USER_PATHS = NO;
				CLANG_ANALYZER_NONNULL = YES;
				CLANG_ANALYZER_NUMBER_OBJECT_CONVERSION = YES_AGGRESSIVE;
				CLANG_CXX_LANGUAGE_STANDARD = "gnu++20";
				CLANG_ENABLE_MODULES = YES;
				CLANG_ENABLE_OBJC_ARC = YES;
				CLANG_ENABLE_OBJC_WEAK = YES;
				CLANG_WARN_BLOCK_CAPTURE_AUTORELEASING = YES;
				CLANG_WARN_BOOL_CONVERSION = YES;
				CLANG_WARN_COMMA = YES;
				CLANG_WARN_CONSTANT_CONVERSION = YES;
				CLANG_WARN_DEPRECATED_OBJC_IMPLEMENTATIONS = YES;
				CLANG_WARN_DIRECT_OBJC_ISA_USAGE = YES_ERROR;
				CLANG_WARN_DOCUMENTATION_COMMENTS = YES;
				CLANG_WARN_EMPTY_BODY = YES;
				CLANG_WARN_ENUM_CONVERSION = YES;
				CLANG_WARN_INFINITE_RECURSION = YES;
				CLANG_WARN_INT_CONVERSION = YES;
				CLANG_WARN_NON_LITERAL_NULL_CONVERSION = YES;
				CLANG_WARN_OBJC_IMPLICIT_RETAIN_SELF = YES;
				CLANG_WARN_OBJC_LITERAL_CONVERSION = YES;
				CLANG_WARN_OBJC_ROOT_CLASS = YES_ERROR;
				CLANG_WARN_QUOTED_INCLUDE_IN_FRAMEWORK_HEADER = YES;
				CLANG_WARN_RANGE_LOOP_ANALYSIS = YES;
				CLANG_WARN_STRICT_PROTOTYPES = YES;
				CLANG_WARN_SUSPICIOUS_MOVE = YES;
				CLANG_WARN_UNGUARDED_AVAILABILITY = YES_AGGRESSIVE;
				CLANG_WARN_UNREACHABLE_CODE = YES;
				CLANG_WARN__DUPLICATE_METHOD_MATCH = YES;
				COPY_PHASE_STRIP = NO;
				DEBUG_INFORMATION_FORMAT = dwarf;
				ENABLE_STRICT_OBJC_MSGSEND = YES;
				ENABLE_TESTABILITY = YES;
				GCC_C_LANGUAGE_STANDARD = gnu11;
				GCC_DYNAMIC_NO_PIC = NO;
				GCC_NO_COMMON_BLOCKS = YES;
				GCC_OPTIMIZATION_LEVEL = 0;
				GCC_PREPROCESSOR_DEFINITIONS = (
					"DEBUG=1",
					"$(inherited)",
				);
				GCC_WARN_64_TO_32_BIT_CONVERSION = YES;
				GCC_WARN_ABOUT_RETURN_TYPE = YES_ERROR;
				GCC_WARN_UNDECLARED_SELECTOR = YES;
				GCC_WARN_UNINITIALIZED_AUTOS = YES_AGGRESSIVE;
				GCC_WARN_UNUSED_FUNCTION = YES;
				GCC_WARN_UNUSED_VARIABLE = YES;
				MTL_ENABLE_DEBUG_INFO = INCLUDE_SOURCE;
				MTL_FAST_MATH = YES;
				ONLY_ACTIVE_ARCH = YES;
				SWIFT_ACTIVE_COMPILATION_CONDITIONS = DEBUG;
				SWIFT_OPTIMIZATION_LEVEL = "-Onone";
			};
			name = Debug;
		};
		B30BAB9F2910171000665344 /* Release */ = {
			isa = XCBuildConfiguration;
			buildSettings = {
				ALWAYS_SEARCH_USER_PATHS = NO;
				CLANG_ANALYZER_NONNULL = YES;
				CLANG_ANALYZER_NUMBER_OBJECT_CONVERSION = YES_AGGRESSIVE;
				CLANG_CXX_LANGUAGE_STANDARD = "gnu++20";
				CLANG_ENABLE_MODULES = YES;
				CLANG_ENABLE_OBJC_ARC = YES;
				CLANG_ENABLE_OBJC_WEAK = YES;
				CLANG_WARN_BLOCK_CAPTURE_AUTORELEASING = YES;
				CLANG_WARN_BOOL_CONVERSION = YES;
				CLANG_WARN_COMMA = YES;
				CLANG_WARN_CONSTANT_CONVERSION = YES;
				CLANG_WARN_DEPRECATED_OBJC_IMPLEMENTATIONS = YES;
				CLANG_WARN_DIRECT_OBJC_ISA_USAGE = YES_ERROR;
				CLANG_WARN_DOCUMENTATION_COMMENTS = YES;
				CLANG_WARN_EMPTY_BODY = YES;
				CLANG_WARN_ENUM_CONVERSION = YES;
				CLANG_WARN_INFINITE_RECURSION = YES;
				CLANG_WARN_INT_CONVERSION = YES;
				CLANG_WARN_NON_LITERAL_NULL_CONVERSION = YES;
				CLANG_WARN_OBJC_IMPLICIT_RETAIN_SELF = YES;
				CLANG_WARN_OBJC_LITERAL_CONVERSION = YES;
				CLANG_WARN_OBJC_ROOT_CLASS = YES_ERROR;
				CLANG_WARN_QUOTED_INCLUDE_IN_FRAMEWORK_HEADER = YES;
				CLANG_WARN_RANGE_LOOP_ANALYSIS = YES;
				CLANG_WARN_STRICT_PROTOTYPES = YES;
				CLANG_WARN_SUSPICIOUS_MOVE = YES;
				CLANG_WARN_UNGUARDED_AVAILABILITY = YES_AGGRESSIVE;
				CLANG_WARN_UNREACHABLE_CODE = YES;
				CLANG_WARN__DUPLICATE_METHOD_MATCH = YES;
				COPY_PHASE_STRIP = NO;
				DEBUG_INFORMATION_FORMAT = "dwarf-with-dsym";
				ENABLE_NS_ASSERTIONS = NO;
				ENABLE_STRICT_OBJC_MSGSEND = YES;
				GCC_C_LANGUAGE_STANDARD = gnu11;
				GCC_NO_COMMON_BLOCKS = YES;
				GCC_WARN_64_TO_32_BIT_CONVERSION = YES;
				GCC_WARN_ABOUT_RETURN_TYPE = YES_ERROR;
				GCC_WARN_UNDECLARED_SELECTOR = YES;
				GCC_WARN_UNINITIALIZED_AUTOS = YES_AGGRESSIVE;
				GCC_WARN_UNUSED_FUNCTION = YES;
				GCC_WARN_UNUSED_VARIABLE = YES;
				MTL_ENABLE_DEBUG_INFO = NO;
				MTL_FAST_MATH = YES;
				SWIFT_COMPILATION_MODE = wholemodule;
				SWIFT_OPTIMIZATION_LEVEL = "-O";
			};
			name = Release;
		};
		B30BABA12910171000665344 /* Debug */ = {
			isa = XCBuildConfiguration;
			buildSettings = {
				ASSETCATALOG_COMPILER_APPICON_NAME = AppIcon;
				ASSETCATALOG_COMPILER_GLOBAL_ACCENT_COLOR_NAME = AccentColor;
				CODE_SIGN_STYLE = Automatic;
				CURRENT_PROJECT_VERSION = 1;
				DEVELOPMENT_ASSET_PATHS = "\"Simucom Watch App/Preview Content\"";
				DEVELOPMENT_TEAM = MLT7M394S7;
				ENABLE_PREVIEWS = YES;
				GENERATE_INFOPLIST_FILE = YES;
				INFOPLIST_KEY_CFBundleDisplayName = Simucom;
				INFOPLIST_KEY_UISupportedInterfaceOrientations = "UIInterfaceOrientationPortrait UIInterfaceOrientationPortraitUpsideDown";
				INFOPLIST_KEY_WKCompanionAppBundleIdentifier = com.brightdigit.Simucom;
				LD_RUNPATH_SEARCH_PATHS = (
					"$(inherited)",
					"@executable_path/Frameworks",
				);
				MARKETING_VERSION = 1.0;
				PRODUCT_BUNDLE_IDENTIFIER = com.brightdigit.Simucom.watchkitapp;
				PRODUCT_NAME = "$(TARGET_NAME)";
				SDKROOT = watchos;
				SKIP_INSTALL = YES;
				SWIFT_EMIT_LOC_STRINGS = YES;
				SWIFT_VERSION = 5.0;
				TARGETED_DEVICE_FAMILY = 4;
				WATCHOS_DEPLOYMENT_TARGET = 9.1;
			};
			name = Debug;
		};
		B30BABA22910171000665344 /* Release */ = {
			isa = XCBuildConfiguration;
			buildSettings = {
				ASSETCATALOG_COMPILER_APPICON_NAME = AppIcon;
				ASSETCATALOG_COMPILER_GLOBAL_ACCENT_COLOR_NAME = AccentColor;
				CODE_SIGN_STYLE = Automatic;
				CURRENT_PROJECT_VERSION = 1;
				DEVELOPMENT_ASSET_PATHS = "\"Simucom Watch App/Preview Content\"";
				DEVELOPMENT_TEAM = MLT7M394S7;
				ENABLE_PREVIEWS = YES;
				GENERATE_INFOPLIST_FILE = YES;
				INFOPLIST_KEY_CFBundleDisplayName = Simucom;
				INFOPLIST_KEY_UISupportedInterfaceOrientations = "UIInterfaceOrientationPortrait UIInterfaceOrientationPortraitUpsideDown";
				INFOPLIST_KEY_WKCompanionAppBundleIdentifier = com.brightdigit.Simucom;
				LD_RUNPATH_SEARCH_PATHS = (
					"$(inherited)",
					"@executable_path/Frameworks",
				);
				MARKETING_VERSION = 1.0;
				PRODUCT_BUNDLE_IDENTIFIER = com.brightdigit.Simucom.watchkitapp;
				PRODUCT_NAME = "$(TARGET_NAME)";
				SDKROOT = watchos;
				SKIP_INSTALL = YES;
				SWIFT_EMIT_LOC_STRINGS = YES;
				SWIFT_VERSION = 5.0;
				TARGETED_DEVICE_FAMILY = 4;
				VALIDATE_PRODUCT = YES;
				WATCHOS_DEPLOYMENT_TARGET = 9.1;
			};
			name = Release;
		};
		B30BABA52910171000665344 /* Debug */ = {
			isa = XCBuildConfiguration;
			buildSettings = {
				ALWAYS_EMBED_SWIFT_STANDARD_LIBRARIES = YES;
				ASSETCATALOG_COMPILER_APPICON_NAME = AppIcon;
				ASSETCATALOG_COMPILER_GLOBAL_ACCENT_COLOR_NAME = AccentColor;
				CODE_SIGN_STYLE = Automatic;
				CURRENT_PROJECT_VERSION = 1;
				DEVELOPMENT_ASSET_PATHS = "\"Simucom/Preview Content\"";
				DEVELOPMENT_TEAM = MLT7M394S7;
				ENABLE_PREVIEWS = YES;
				GENERATE_INFOPLIST_FILE = YES;
				INFOPLIST_KEY_CFBundleDisplayName = Simucom;
				INFOPLIST_KEY_UIApplicationSceneManifest_Generation = YES;
				INFOPLIST_KEY_UIApplicationSupportsIndirectInputEvents = YES;
				INFOPLIST_KEY_UILaunchScreen_Generation = YES;
				INFOPLIST_KEY_UISupportedInterfaceOrientations_iPad = "UIInterfaceOrientationPortrait UIInterfaceOrientationPortraitUpsideDown UIInterfaceOrientationLandscapeLeft UIInterfaceOrientationLandscapeRight";
				INFOPLIST_KEY_UISupportedInterfaceOrientations_iPhone = "UIInterfaceOrientationPortrait UIInterfaceOrientationLandscapeLeft UIInterfaceOrientationLandscapeRight";
				IPHONEOS_DEPLOYMENT_TARGET = 16.1;
				LD_RUNPATH_SEARCH_PATHS = (
					"$(inherited)",
					"@executable_path/Frameworks",
				);
				MARKETING_VERSION = 1.0;
				PRODUCT_BUNDLE_IDENTIFIER = com.brightdigit.Simucom;
				PRODUCT_NAME = "$(TARGET_NAME)";
				SDKROOT = iphoneos;
				SWIFT_EMIT_LOC_STRINGS = YES;
				SWIFT_VERSION = 5.0;
				TARGETED_DEVICE_FAMILY = "1,2";
			};
			name = Debug;
		};
		B30BABA62910171000665344 /* Release */ = {
			isa = XCBuildConfiguration;
			buildSettings = {
				ALWAYS_EMBED_SWIFT_STANDARD_LIBRARIES = YES;
				ASSETCATALOG_COMPILER_APPICON_NAME = AppIcon;
				ASSETCATALOG_COMPILER_GLOBAL_ACCENT_COLOR_NAME = AccentColor;
				CODE_SIGN_STYLE = Automatic;
				CURRENT_PROJECT_VERSION = 1;
				DEVELOPMENT_ASSET_PATHS = "\"Simucom/Preview Content\"";
				DEVELOPMENT_TEAM = MLT7M394S7;
				ENABLE_PREVIEWS = YES;
				GENERATE_INFOPLIST_FILE = YES;
				INFOPLIST_KEY_CFBundleDisplayName = Simucom;
				INFOPLIST_KEY_UIApplicationSceneManifest_Generation = YES;
				INFOPLIST_KEY_UIApplicationSupportsIndirectInputEvents = YES;
				INFOPLIST_KEY_UILaunchScreen_Generation = YES;
				INFOPLIST_KEY_UISupportedInterfaceOrientations_iPad = "UIInterfaceOrientationPortrait UIInterfaceOrientationPortraitUpsideDown UIInterfaceOrientationLandscapeLeft UIInterfaceOrientationLandscapeRight";
				INFOPLIST_KEY_UISupportedInterfaceOrientations_iPhone = "UIInterfaceOrientationPortrait UIInterfaceOrientationLandscapeLeft UIInterfaceOrientationLandscapeRight";
				IPHONEOS_DEPLOYMENT_TARGET = 16.1;
				LD_RUNPATH_SEARCH_PATHS = (
					"$(inherited)",
					"@executable_path/Frameworks",
				);
				MARKETING_VERSION = 1.0;
				PRODUCT_BUNDLE_IDENTIFIER = com.brightdigit.Simucom;
				PRODUCT_NAME = "$(TARGET_NAME)";
				SDKROOT = iphoneos;
				SWIFT_EMIT_LOC_STRINGS = YES;
				SWIFT_VERSION = 5.0;
				TARGETED_DEVICE_FAMILY = "1,2";
				VALIDATE_PRODUCT = YES;
			};
			name = Release;
		};
/* End XCBuildConfiguration section */

/* Begin XCConfigurationList section */
		B30BAB7B2910170E00665344 /* Build configuration list for PBXProject "Simucom" */ = {
			isa = XCConfigurationList;
			buildConfigurations = (
				B30BAB9E2910171000665344 /* Debug */,
				B30BAB9F2910171000665344 /* Release */,
			);
			defaultConfigurationIsVisible = 0;
			defaultConfigurationName = Release;
		};
		B30BABA02910171000665344 /* Build configuration list for PBXNativeTarget "Simucom Watch App" */ = {
			isa = XCConfigurationList;
			buildConfigurations = (
				B30BABA12910171000665344 /* Debug */,
				B30BABA22910171000665344 /* Release */,
			);
			defaultConfigurationIsVisible = 0;
			defaultConfigurationName = Release;
		};
		B30BABA42910171000665344 /* Build configuration list for PBXNativeTarget "Simucom" */ = {
			isa = XCConfigurationList;
			buildConfigurations = (
				B30BABA52910171000665344 /* Debug */,
				B30BABA62910171000665344 /* Release */,
			);
			defaultConfigurationIsVisible = 0;
			defaultConfigurationName = Release;
		};
/* End XCConfigurationList section */

/* Begin XCSwiftPackageProductDependency section */
		B3E161A6292257D700518FB3 /* Sublimation */ = {
			isa = XCSwiftPackageProductDependency;
			productName = Sublimation;
		};
/* End XCSwiftPackageProductDependency section */
	};
	rootObject = B30BAB782910170E00665344 /* Project object */;
}
